
Microsoft Visual Studio Solution File, Format Version 12.00
# Visual Studio Version 17
VisualStudioVersion = 17.5.33424.131
MinimumVisualStudioVersion = 10.0.40219.1
Project("{9A19103F-16F7-4668-BE54-9A1E7A4F7556}") = "OPG_API", "OPG_API\OPG_API.csproj", "{4F1AA27C-1435-451D-8D99-B6DEF87AD644}"
EndProject
Project("{9A19103F-16F7-4668-BE54-9A1E7A4F7556}") = "Primitives", "src\Primitives\Primitives.csproj", "{F57EBF5A-E9EC-441A-9EB2-1B32125D955D}"
EndProject
Project("{FAE04EC0-301F-11D3-BF4B-00C04F79EFBC}") = "Test", "src\Test\Test.csproj", "{7E24D1AC-1576-481E-B28C-579CC33B1143}"
EndProject
Global
	GlobalSection(SolutionConfigurationPlatforms) = preSolution
		Debug|Any CPU = Debug|Any CPU
		Release|Any CPU = Release|Any CPU
	EndGlobalSection
	GlobalSection(ProjectConfigurationPlatforms) = postSolution
		{4F1AA27C-1435-451D-8D99-B6DEF87AD644}.Debug|Any CPU.ActiveCfg = Debug|Any CPU
		{4F1AA27C-1435-451D-8D99-B6DEF87AD644}.Debug|Any CPU.Build.0 = Debug|Any CPU
		{4F1AA27C-1435-451D-8D99-B6DEF87AD644}.Release|Any CPU.ActiveCfg = Release|Any CPU
		{4F1AA27C-1435-451D-8D99-B6DEF87AD644}.Release|Any CPU.Build.0 = Release|Any CPU
		{F57EBF5A-E9EC-441A-9EB2-1B32125D955D}.Debug|Any CPU.ActiveCfg = Debug|Any CPU
		{F57EBF5A-E9EC-441A-9EB2-1B32125D955D}.Debug|Any CPU.Build.0 = Debug|Any CPU
		{F57EBF5A-E9EC-441A-9EB2-1B32125D955D}.Release|Any CPU.ActiveCfg = Release|Any CPU
		{F57EBF5A-E9EC-441A-9EB2-1B32125D955D}.Release|Any CPU.Build.0 = Release|Any CPU
		{7E24D1AC-1576-481E-B28C-579CC33B1143}.Debug|Any CPU.ActiveCfg = Debug|Any CPU
		{7E24D1AC-1576-481E-B28C-579CC33B1143}.Debug|Any CPU.Build.0 = Debug|Any CPU
		{7E24D1AC-1576-481E-B28C-579CC33B1143}.Release|Any CPU.ActiveCfg = Release|Any CPU
		{7E24D1AC-1576-481E-B28C-579CC33B1143}.Release|Any CPU.Build.0 = Release|Any CPU
	EndGlobalSection
	GlobalSection(SolutionProperties) = preSolution
		HideSolutionNode = FALSE
	EndGlobalSection
	GlobalSection(ExtensibilityGlobals) = postSolution
		SolutionGuid = {2C36F30E-DBB8-47F9-ABBA-1CA7D1AB5948}
	EndGlobalSection
EndGlobal
